
Microsoft Visual Studio Solution File, Format Version 12.00
# Visual Studio 2013
Project("{FAE04EC0-301F-11D3-BF4B-00C04F79EFBC}") = "UnityVS.ZombieTag.CSharp", "UnityVS.ZombieTag.CSharp.csproj", "{5DD79FE9-6406-DF49-3A57-08C5D0A69EE9}"
EndProject
Project("{FAE04EC0-301F-11D3-BF4B-00C04F79EFBC}") = "UnityVS.ZombieTag.CSharp.Editor", "UnityVS.ZombieTag.CSharp.Editor.csproj", "{241C0465-AFA0-2B3C-A2EC-87C2B26F701A}"
EndProject
Project("{FAE04EC0-301F-11D3-BF4B-00C04F79EFBC}") = "UnityVS.ZombieTag.CSharp.Plugins", "UnityVS.ZombieTag.CSharp.Plugins.csproj", "{29B13D9E-6379-B086-1850-EB2C553C2497}"
EndProject
Global
	GlobalSection(SolutionConfigurationPlatforms) = preSolution
		Debug|Any CPU = Debug|Any CPU
		Release|Any CPU = Release|Any CPU
	EndGlobalSection
	GlobalSection(ProjectConfigurationPlatforms) = postSolution
		{5DD79FE9-6406-DF49-3A57-08C5D0A69EE9}.Debug|Any CPU.ActiveCfg = Debug|Any CPU
		{5DD79FE9-6406-DF49-3A57-08C5D0A69EE9}.Debug|Any CPU.Build.0 = Debug|Any CPU
		{5DD79FE9-6406-DF49-3A57-08C5D0A69EE9}.Release|Any CPU.ActiveCfg = Release|Any CPU
		{5DD79FE9-6406-DF49-3A57-08C5D0A69EE9}.Release|Any CPU.Build.0 = Release|Any CPU
		{241C0465-AFA0-2B3C-A2EC-87C2B26F701A}.Debug|Any CPU.ActiveCfg = Debug|Any CPU
		{241C0465-AFA0-2B3C-A2EC-87C2B26F701A}.Debug|Any CPU.Build.0 = Debug|Any CPU
		{241C0465-AFA0-2B3C-A2EC-87C2B26F701A}.Release|Any CPU.ActiveCfg = Release|Any CPU
		{241C0465-AFA0-2B3C-A2EC-87C2B26F701A}.Release|Any CPU.Build.0 = Release|Any CPU
		{29B13D9E-6379-B086-1850-EB2C553C2497}.Debug|Any CPU.ActiveCfg = Debug|Any CPU
		{29B13D9E-6379-B086-1850-EB2C553C2497}.Debug|Any CPU.Build.0 = Debug|Any CPU
		{29B13D9E-6379-B086-1850-EB2C553C2497}.Release|Any CPU.ActiveCfg = Release|Any CPU
		{29B13D9E-6379-B086-1850-EB2C553C2497}.Release|Any CPU.Build.0 = Release|Any CPU
	EndGlobalSection
	GlobalSection(SolutionProperties) = preSolution
		HideSolutionNode = FALSE
	EndGlobalSection
EndGlobal
