Microsoft Visual Studio Solution File, Format Version 11.00
# Visual Studio 2008

Project("{8F4CBF31-DBA7-F4F6-5A9D-C83F27E0766C}") = "ZombieTag", "Assembly-CSharp-firstpass.csproj", "{401B0CF1-DFFE-D9A1-88A8-4180A7661C08}"
EndProject
Project("{8F4CBF31-DBA7-F4F6-5A9D-C83F27E0766C}") = "ZombieTag", "Assembly-CSharp.csproj", "{E4B0AEC7-830B-E1C4-6CB0-CC7A99F43635}"
EndProject
Project("{8F4CBF31-DBA7-F4F6-5A9D-C83F27E0766C}") = "ZombieTag", "Assembly-CSharp-Editor.csproj", "{CA538282-A44D-4B98-44BB-88CB72E01B48}"
EndProject
Global
	GlobalSection(SolutionConfigurationPlatforms) = preSolution
		Debug|Any CPU = Debug|Any CPU
		Release|Any CPU = Release|Any CPU
	EndGlobalSection
	GlobalSection(ProjectConfigurationPlatforms) = postSolution
		{401B0CF1-DFFE-D9A1-88A8-4180A7661C08}.Debug|Any CPU.ActiveCfg = Debug|Any CPU
		{401B0CF1-DFFE-D9A1-88A8-4180A7661C08}.Debug|Any CPU.Build.0 = Debug|Any CPU
		{401B0CF1-DFFE-D9A1-88A8-4180A7661C08}.Release|Any CPU.ActiveCfg = Release|Any CPU
		{401B0CF1-DFFE-D9A1-88A8-4180A7661C08}.Release|Any CPU.Build.0 = Release|Any CPU
		{E4B0AEC7-830B-E1C4-6CB0-CC7A99F43635}.Debug|Any CPU.ActiveCfg = Debug|Any CPU
		{E4B0AEC7-830B-E1C4-6CB0-CC7A99F43635}.Debug|Any CPU.Build.0 = Debug|Any CPU
		{E4B0AEC7-830B-E1C4-6CB0-CC7A99F43635}.Release|Any CPU.ActiveCfg = Release|Any CPU
		{E4B0AEC7-830B-E1C4-6CB0-CC7A99F43635}.Release|Any CPU.Build.0 = Release|Any CPU
		{CA538282-A44D-4B98-44BB-88CB72E01B48}.Debug|Any CPU.ActiveCfg = Debug|Any CPU
		{CA538282-A44D-4B98-44BB-88CB72E01B48}.Debug|Any CPU.Build.0 = Debug|Any CPU
		{CA538282-A44D-4B98-44BB-88CB72E01B48}.Release|Any CPU.ActiveCfg = Release|Any CPU
		{CA538282-A44D-4B98-44BB-88CB72E01B48}.Release|Any CPU.Build.0 = Release|Any CPU
	EndGlobalSection
	GlobalSection(SolutionProperties) = preSolution
		HideSolutionNode = FALSE
	EndGlobalSection
																					GlobalSection(MonoDevelopProperties) = preSolution
		StartupItem = Assembly-CSharp.csproj
		Policies = $0
		$0.TextStylePolicy = $1
		$1.inheritsSet = null
		$1.scope = text/x-csharp
		$0.CSharpFormattingPolicy = $2
		$2.inheritsSet = Mono
		$2.inheritsScope = text/x-csharp
		$2.scope = text/x-csharp
		$0.TextStylePolicy = $3
		$3.FileWidth = 120
		$3.TabWidth = 4
		$3.IndentWidth = 4
		$3.EolMarker = Unix
		$3.inheritsSet = Mono
		$3.inheritsScope = text/plain
		$3.scope = text/plain
	EndGlobalSection

EndGlobal
